// !$*UTF8*$!
{
	archiveVersion = 1;
	classes = {
	};
	objectVersion = 46;
	objects = {

/* Begin PBXBuildFile section */
		77FD6CF11BE9A5C100A6185D /* main.cpp in Sources */ = {isa = PBXBuildFile; fileRef = 77FD6CF01BE9A5C100A6185D /* main.cpp */; };
/* End PBXBuildFile section */

/* Begin PBXCopyFilesBuildPhase section */
		77FD6CEB1BE9A5C000A6185D /* CopyFiles */ = {
			isa = PBXCopyFilesBuildPhase;
			buildActionMask = 2147483647;
			dstPath = /usr/share/man/man1/;
			dstSubfolderSpec = 0;
			files = (
			);
			runOnlyForDeploymentPostprocessing = 1;
		};
/* End PBXCopyFilesBuildPhase section */

/* Begin PBXFileReference section */
		77FD6CED1BE9A5C100A6185D /* HelloWord */ = {isa = PBXFileReference; explicitFileType = "compiled.mach-o.executable"; includeInIndex = 0; path = HelloWord; sourceTree = BUILT_PRODUCTS_DIR; };
		77FD6CF01BE9A5C100A6185D /* main.cpp */ = {isa = PBXFileReference; lastKnownFileType = sourcecode.cpp.cpp; path = main.cpp; sourceTree = "<group>"; };
/* End PBXFileReference section */

/* Begin PBXFrameworksBuildPhase section */
		77FD6CEA1BE9A5C000A6185D /* Frameworks */ = {
			isa = PBXFrameworksBuildPhase;
			buildActionMask = 2147483647;
			files = (
			);
			runOnlyForDeploymentPostprocessing = 0;
		};
/* End PBXFrameworksBuildPhase section */

/* Begin PBXGroup section */
		77FD6CE41BE9A5C000A6185D = {
			isa = PBXGroup;
			children = (
				77FD6CEF1BE9A5C100A6185D /* HelloWord */,
				77FD6CEE1BE9A5C100A6185D /* Products */,
			);
			sourceTree = "<group>";
		};
		77FD6CEE1BE9A5C100A6185D /* Products */ = {
			isa = PBXGroup;
			children = (
				77FD6CED1BE9A5C100A6185D /* HelloWord */,
			);
			name = Products;
			sourceTree = "<group>";
		};
		77FD6CEF1BE9A5C100A6185D /* HelloWord */ = {
			isa = PBXGroup;
			children = (
				77FD6CF01BE9A5C100A6185D /* main.cpp */,
			);
			path = HelloWord;
			sourceTree = "<group>";
		};
/* End PBXGroup section */

/* Begin PBXNativeTarget section */
		77FD6CEC1BE9A5C000A6185D /* HelloWord */ = {
			isa = PBXNativeTarget;
			buildConfigurationList = 77FD6CF41BE9A5C100A6185D /* Build configuration list for PBXNativeTarget "HelloWord" */;
			buildPhases = (
				77FD6CE91BE9A5C000A6185D /* Sources */,
				77FD6CEA1BE9A5C000A6185D /* Frameworks */,
				77FD6CEB1BE9A5C000A6185D /* CopyFiles */,
			);
			buildRules = (
			);
			dependencies = (
			);
			name = HelloWord;
			productName = HelloWord;
			productReference = 77FD6CED1BE9A5C100A6185D /* HelloWord */;
			productType = "com.apple.product-type.tool";
		};
/* End PBXNativeTarget section */

/* Begin PBXProject section */
		77FD6CE51BE9A5C000A6185D /* Project object */ = {
			isa = PBXProject;
			attributes = {
				LastUpgradeCheck = 0710;
				ORGANIZATIONNAME = "滕海滨";
				TargetAttributes = {
					77FD6CEC1BE9A5C000A6185D = {
						CreatedOnToolsVersion = 7.1;
					};
				};
			};
			buildConfigurationList = 77FD6CE81BE9A5C000A6185D /* Build configuration list for PBXProject "HelloWord" */;
			compatibilityVersion = "Xcode 3.2";
			developmentRegion = English;
			hasScannedForEncodings = 0;
			knownRegions = (
				en,
			);
			mainGroup = 77FD6CE41BE9A5C000A6185D;
			productRefGroup = 77FD6CEE1BE9A5C100A6185D /* Products */;
			projectDirPath = "";
			projectRoot = "";
			targets = (
				77FD6CEC1BE9A5C000A6185D /* HelloWord */,
			);
		};
/* End PBXProject section */

/* Begin PBXSourcesBuildPhase section */
		77FD6CE91BE9A5C000A6185D /* Sources */ = {
			isa = PBXSourcesBuildPhase;
			buildActionMask = 2147483647;
			files = (
				77FD6CF11BE9A5C100A6185D /* main.cpp in Sources */,
			);
			runOnlyForDeploymentPostprocessing = 0;
		};
/* End PBXSourcesBuildPhase section */

/* Begin XCBuildConfiguration section */
		77FD6CF21BE9A5C100A6185D /* Debug */ = {
			isa = XCBuildConfiguration;
			buildSettings = {
				ALWAYS_SEARCH_USER_PATHS = NO;
				CLANG_CXX_LANGUAGE_STANDARD = "gnu++0x";
				CLANG_CXX_LIBRARY = "libc++";
				CLANG_ENABLE_MODULES = YES;
				CLANG_ENABLE_OBJC_ARC = YES;
				CLANG_WARN_BOOL_CONVERSION = YES;
				CLANG_WARN_CONSTANT_CONVERSION = YES;
				CLANG_WARN_DIRECT_OBJC_ISA_USAGE = YES_ERROR;
				CLANG_WARN_EMPTY_BODY = YES;
				CLANG_WARN_ENUM_CONVERSION = YES;
				CLANG_WARN_INT_CONVERSION = YES;
				CLANG_WARN_OBJC_ROOT_CLASS = YES_ERROR;
				CLANG_WARN_UNREACHABLE_CODE = YES;
				CLANG_WARN__DUPLICATE_METHOD_MATCH = YES;
				CODE_SIGN_IDENTITY = "-";
				COPY_PHASE_STRIP = NO;
				DEBUG_INFORMATION_FORMAT = dwarf;
				ENABLE_STRICT_OBJC_MSGSEND = YES;
				ENABLE_TESTABILITY = YES;
				GCC_C_LANGUAGE_STANDARD = gnu99;
				GCC_DYNAMIC_NO_PIC = NO;
				GCC_NO_COMMON_BLOCKS = YES;
				GCC_OPTIMIZATION_LEVEL = 0;
				GCC_PREPROCESSOR_DEFINITIONS = (
					"DEBUG=1",
					"$(inherited)",
				);
				GCC_WARN_64_TO_32_BIT_CONVERSION = YES;
				GCC_WARN_ABOUT_RETURN_TYPE = YES_ERROR;
				GCC_WARN_UNDECLARED_SELECTOR = YES;
				GCC_WARN_UNINITIALIZED_AUTOS = YES_AGGRESSIVE;
				GCC_WARN_UNUSED_FUNCTION = YES;
				GCC_WARN_UNUSED_VARIABLE = YES;
				MACOSX_DEPLOYMENT_TARGET = 10.11;
				MTL_ENABLE_DEBUG_INFO = YES;
				ONLY_ACTIVE_ARCH = YES;
				SDKROOT = macosx;
			};
			name = Debug;
		};
		77FD6CF31BE9A5C100A6185D /* Release */ = {
			isa = XCBuildConfiguration;
			buildSettings = {
				ALWAYS_SEARCH_USER_PATHS = NO;
				CLANG_CXX_LANGUAGE_STANDARD = "gnu++0x";
				CLANG_CXX_LIBRARY = "libc++";
				CLANG_ENABLE_MODULES = YES;
				CLANG_ENABLE_OBJC_ARC = YES;
				CLANG_WARN_BOOL_CONVERSION = YES;
				CLANG_WARN_CONSTANT_CONVERSION = YES;
				CLANG_WARN_DIRECT_OBJC_ISA_USAGE = YES_ERROR;
				CLANG_WARN_EMPTY_BODY = YES;
				CLANG_WARN_ENUM_CONVERSION = YES;
				CLANG_WARN_INT_CONVERSION = YES;
				CLANG_WARN_OBJC_ROOT_CLASS = YES_ERROR;
				CLANG_WARN_UNREACHABLE_CODE = YES;
				CLANG_WARN__DUPLICATE_METHOD_MATCH = YES;
				CODE_SIGN_IDENTITY = "-";
				COPY_PHASE_STRIP = NO;
				DEBUG_INFORMATION_FORMAT = "dwarf-with-dsym";
				ENABLE_NS_ASSERTIONS = NO;
				ENABLE_STRICT_OBJC_MSGSEND = YES;
				GCC_C_LANGUAGE_STANDARD = gnu99;
				GCC_NO_COMMON_BLOCKS = YES;
				GCC_WARN_64_TO_32_BIT_CONVERSION = YES;
				GCC_WARN_ABOUT_RETURN_TYPE = YES_ERROR;
				GCC_WARN_UNDECLARED_SELECTOR = YES;
				GCC_WARN_UNINITIALIZED_AUTOS = YES_AGGRESSIVE;
				GCC_WARN_UNUSED_FUNCTION = YES;
				GCC_WARN_UNUSED_VARIABLE = YES;
				MACOSX_DEPLOYMENT_TARGET = 10.11;
				MTL_ENABLE_DEBUG_INFO = NO;
				SDKROOT = macosx;
			};
			name = Release;
		};
		77FD6CF51BE9A5C100A6185D /* Debug */ = {
			isa = XCBuildConfiguration;
			buildSettings = {
				PRODUCT_NAME = "$(TARGET_NAME)";
			};
			name = Debug;
		};
		77FD6CF61BE9A5C100A6185D /* Release */ = {
			isa = XCBuildConfiguration;
			buildSettings = {
				PRODUCT_NAME = "$(TARGET_NAME)";
			};
			name = Release;
		};
/* End XCBuildConfiguration section */

/* Begin XCConfigurationList section */
		77FD6CE81BE9A5C000A6185D /* Build configuration list for PBXProject "HelloWord" */ = {
			isa = XCConfigurationList;
			buildConfigurations = (
				77FD6CF21BE9A5C100A6185D /* Debug */,
				77FD6CF31BE9A5C100A6185D /* Release */,
			);
			defaultConfigurationIsVisible = 0;
			defaultConfigurationName = Release;
		};
		77FD6CF41BE9A5C100A6185D /* Build configuration list for PBXNativeTarget "HelloWord" */ = {
			isa = XCConfigurationList;
			buildConfigurations = (
				77FD6CF51BE9A5C100A6185D /* Debug */,
				77FD6CF61BE9A5C100A6185D /* Release */,
			);
			defaultConfigurationIsVisible = 0;
		};
/* End XCConfigurationList section */
	};
	rootObject = 77FD6CE51BE9A5C000A6185D /* Project object */;
}
